<?xml version="1.0" encoding="utf-8"?>
<Project ToolsVersion="4.0" xmlns="http://schemas.microsoft.com/developer/msbuild/2003">
  <ItemGroup>
    <Filter Include="Source Files">
      <UniqueIdentifier>{94151776-f47d-48dd-8954-4af588cb762c}</UniqueIdentifier>
      <Extensions>cpp;c;cxx;rc;def;r;odl;idl;hpj;bat</Extensions>
    </Filter>
    <Filter Include="Header Files">
      <UniqueIdentifier>{13d7ded9-01e0-4e9f-8f56-62466601c712}</UniqueIdentifier>
      <Extensions>h;hpp;hxx;hm;inl</Extensions>
    </Filter>
    <Filter Include="user">
      <UniqueIdentifier>{5426f903-9191-47bb-b45d-209d8bbc1fa6}</UniqueIdentifier>
    </Filter>
    <Filter Include="user\src">
      <UniqueIdentifier>{ca107dec-0f93-45dd-bb44-89e4ece1f1cd}</UniqueIdentifier>
    </Filter>
    <Filter Include="user\inc">
      <UniqueIdentifier>{74d7a207-a003-40ba-9297-8bf8568cbcd7}</UniqueIdentifier>
    </Filter>
  </ItemGroup>
  <ItemGroup>
    <ClCompile Include="ldecod\src\annexb.c">
      <Filter>Source Files</Filter>
    </ClCompile>
    <ClCompile Include="ldecod\src\biaridecod.c">
      <Filter>Source Files</Filter>
    </ClCompile>
    <ClCompile Include="ldecod\src\block.c">
      <Filter>Source Files</Filter>
    </ClCompile>
    <ClCompile Include="ldecod\src\cabac.c">
      <Filter>Source Files</Filter>
    </ClCompile>
    <ClCompile Include="ldecod\src\context_ini.c">
      <Filter>Source Files</Filter>
    </ClCompile>
    <ClCompile Include="ldecod\src\erc_api.c">
      <Filter>Source Files</Filter>
    </ClCompile>
    <ClCompile Include="ldecod\src\erc_do_i.c">
      <Filter>Source Files</Filter>
    </ClCompile>
    <ClCompile Include="ldecod\src\erc_do_p.c">
      <Filter>Source Files</Filter>
    </ClCompile>
    <ClCompile Include="ldecod\src\errorconcealment.c">
      <Filter>Source Files</Filter>
    </ClCompile>
    <ClCompile Include="ldecod\src\filehandle.c">
      <Filter>Source Files</Filter>
    </ClCompile>
    <ClCompile Include="ldecod\src\fmo.c">
      <Filter>Source Files</Filter>
    </ClCompile>
    <ClCompile Include="ldecod\src\header.c">
      <Filter>Source Files</Filter>
    </ClCompile>
    <ClCompile Include="ldecod\src\image.c">
      <Filter>Source Files</Filter>
    </ClCompile>
    <ClCompile Include="ldecod\src\ldecod.c">
      <Filter>Source Files</Filter>
    </ClCompile>
    <ClCompile Include="ldecod\src\leaky_bucket.c">
      <Filter>Source Files</Filter>
    </ClCompile>
    <ClCompile Include="ldecod\src\loopFilter.c">
      <Filter>Source Files</Filter>
    </ClCompile>
    <ClCompile Include="ldecod\src\macroblock.c">
      <Filter>Source Files</Filter>
    </ClCompile>
    <ClCompile Include="ldecod\src\mb_access.c">
      <Filter>Source Files</Filter>
    </ClCompile>
    <ClCompile Include="ldecod\src\mbuffer.c">
      <Filter>Source Files</Filter>
    </ClCompile>
    <ClCompile Include="ldecod\src\memalloc.c">
      <Filter>Source Files</Filter>
    </ClCompile>
    <ClCompile Include="ldecod\src\nal.c">
      <Filter>Source Files</Filter>
    </ClCompile>
    <ClCompile Include="ldecod\src\nal_part.c">
      <Filter>Source Files</Filter>
    </ClCompile>
    <ClCompile Include="ldecod\src\nalu.c">
      <Filter>Source Files</Filter>
    </ClCompile>
    <ClCompile Include="ldecod\src\nalucommon.c">
      <Filter>Source Files</Filter>
    </ClCompile>
    <ClCompile Include="ldecod\src\output.c">
      <Filter>Source Files</Filter>
    </ClCompile>
    <ClCompile Include="ldecod\src\parset.c">
      <Filter>Source Files</Filter>
    </ClCompile>
    <ClCompile Include="ldecod\src\parsetcommon.c">
      <Filter>Source Files</Filter>
    </ClCompile>
    <ClCompile Include="ldecod\src\rtp.c">
      <Filter>Source Files</Filter>
    </ClCompile>
    <ClCompile Include="ldecod\src\sei.c">
      <Filter>Source Files</Filter>
    </ClCompile>
    <ClCompile Include="ldecod\src\vlc.c">
      <Filter>Source Files</Filter>
    </ClCompile>
    <ClCompile Include="ldecod\user\src\event.c">
      <Filter>user\src</Filter>
    </ClCompile>
    <ClCompile Include="ldecod\user\src\hide.c">
      <Filter>user\src</Filter>
    </ClCompile>
    <ClCompile Include="ldecod\user\src\util.c">
      <Filter>user\src</Filter>
    </ClCompile>
  </ItemGroup>
  <ItemGroup>
    <ClInclude Include="ldecod\inc\annexb.h">
      <Filter>Header Files</Filter>
    </ClInclude>
    <ClInclude Include="ldecod\inc\biaridecod.h">
      <Filter>Header Files</Filter>
    </ClInclude>
    <ClInclude Include="ldecod\inc\block.h">
      <Filter>Header Files</Filter>
    </ClInclude>
    <ClInclude Include="ldecod\inc\cabac.h">
      <Filter>Header Files</Filter>
    </ClInclude>
    <ClInclude Include="ldecod\inc\context_ini.h">
      <Filter>Header Files</Filter>
    </ClInclude>
    <ClInclude Include="ldecod\inc\contributors.h">
      <Filter>Header Files</Filter>
    </ClInclude>
    <ClInclude Include="ldecod\inc\ctx_tables.h">
      <Filter>Header Files</Filter>
    </ClInclude>
    <ClInclude Include="ldecod\inc\defines.h">
      <Filter>Header Files</Filter>
    </ClInclude>
    <ClInclude Include="ldecod\inc\elements.h">
      <Filter>Header Files</Filter>
    </ClInclude>
    <ClInclude Include="ldecod\inc\erc_api.h">
      <Filter>Header Files</Filter>
    </ClInclude>
    <ClInclude Include="ldecod\inc\erc_do.h">
      <Filter>Header Files</Filter>
    </ClInclude>
    <ClInclude Include="ldecod\inc\erc_globals.h">
      <Filter>Header Files</Filter>
    </ClInclude>
    <ClInclude Include="ldecod\inc\errorconcealment.h">
      <Filter>Header Files</Filter>
    </ClInclude>
    <ClInclude Include="ldecod\inc\fmo.h">
      <Filter>Header Files</Filter>
    </ClInclude>
    <ClInclude Include="ldecod\inc\global.h">
      <Filter>Header Files</Filter>
    </ClInclude>
    <ClInclude Include="ldecod\inc\header.h">
      <Filter>Header Files</Filter>
    </ClInclude>
    <ClInclude Include="ldecod\inc\image.h">
      <Filter>Header Files</Filter>
    </ClInclude>
    <ClInclude Include="ldecod\inc\leaky_bucket.h">
      <Filter>Header Files</Filter>
    </ClInclude>
    <ClInclude Include="ldecod\inc\loopfilter.h">
      <Filter>Header Files</Filter>
    </ClInclude>
    <ClInclude Include="ldecod\inc\macroblock.h">
      <Filter>Header Files</Filter>
    </ClInclude>
    <ClInclude Include="ldecod\inc\mb_access.h">
      <Filter>Header Files</Filter>
    </ClInclude>
    <ClInclude Include="ldecod\inc\mbuffer.h">
      <Filter>Header Files</Filter>
    </ClInclude>
    <ClInclude Include="ldecod\inc\memalloc.h">
      <Filter>Header Files</Filter>
    </ClInclude>
    <ClInclude Include="ldecod\inc\nalu.h">
      <Filter>Header Files</Filter>
    </ClInclude>
    <ClInclude Include="ldecod\inc\nalucommon.h">
      <Filter>Header Files</Filter>
    </ClInclude>
    <ClInclude Include="ldecod\inc\output.h">
      <Filter>Header Files</Filter>
    </ClInclude>
    <ClInclude Include="ldecod\inc\parset.h">
      <Filter>Header Files</Filter>
    </ClInclude>
    <ClInclude Include="ldecod\inc\parsetcommon.h">
      <Filter>Header Files</Filter>
    </ClInclude>
    <ClInclude Include="ldecod\inc\rtp.h">
      <Filter>Header Files</Filter>
    </ClInclude>
    <ClInclude Include="ldecod\inc\sei.h">
      <Filter>Header Files</Filter>
    </ClInclude>
    <ClInclude Include="ldecod\inc\vlc.h">
      <Filter>Header Files</Filter>
    </ClInclude>
    <ClInclude Include="ldecod\user\inc\event.h">
      <Filter>user\inc</Filter>
    </ClInclude>
    <ClInclude Include="ldecod\user\inc\hide.h">
      <Filter>user\inc</Filter>
    </ClInclude>
    <ClInclude Include="ldecod\user\inc\util.h">
      <Filter>user\inc</Filter>
    </ClInclude>
  </ItemGroup>
  <ItemGroup>
    <CustomBuild Include="bin\decoder.cfg" />
  </ItemGroup>
</Project>